
Microsoft Visual Studio Solution File, Format Version 12.00
# Visual Studio 14
VisualStudioVersion = 14.0.25123.0
MinimumVisualStudioVersion = 10.0.40219.1
Project("{FAE04EC0-301F-11D3-BF4B-00C04F79EFBC}") = "AppMobileSQLite.Droid", "AppMobileSQLite\AppMobileSQLite.Droid\AppMobileSQLite.Droid.csproj", "{0E19F0EA-D2FE-4B35-A35D-5B805BB13044}"
EndProject
Project("{FAE04EC0-301F-11D3-BF4B-00C04F79EFBC}") = "AppMobileSQLite.iOS", "AppMobileSQLite\AppMobileSQLite.iOS\AppMobileSQLite.iOS.csproj", "{C78BF8B2-64F6-4D75-98D3-237D05C2621A}"
EndProject
Project("{FAE04EC0-301F-11D3-BF4B-00C04F79EFBC}") = "AppMobileSQLite.WinPhone", "AppMobileSQLite\AppMobileSQLite.WinPhone\AppMobileSQLite.WinPhone.csproj", "{A5FA28B8-EC71-4FC8-9812-0663BF7B0896}"
EndProject
Project("{FAE04EC0-301F-11D3-BF4B-00C04F79EFBC}") = "AppMobileSQLite.UWP", "AppMobileSQLite\AppMobileSQLite.UWP\AppMobileSQLite.UWP.csproj", "{685C9894-2E6D-4F76-9BEF-1C448895E3E0}"
EndProject
Project("{FAE04EC0-301F-11D3-BF4B-00C04F79EFBC}") = "AppMobileSQLite.Windows", "AppMobileSQLite\AppMobileSQLite.Windows\AppMobileSQLite.Windows.csproj", "{524B9514-1844-4FF1-85AA-79FA6CAFA154}"
EndProject
Project("{FAE04EC0-301F-11D3-BF4B-00C04F79EFBC}") = "AppMobileSQLite", "AppMobileSQLite\AppMobileSQLite\AppMobileSQLite.csproj", "{6A1BB33A-D543-4B3F-86BB-59F17F6CC2BD}"
EndProject
Global
	GlobalSection(SolutionConfigurationPlatforms) = preSolution
		Ad-Hoc|Any CPU = Ad-Hoc|Any CPU
		Ad-Hoc|ARM = Ad-Hoc|ARM
		Ad-Hoc|iPhone = Ad-Hoc|iPhone
		Ad-Hoc|iPhoneSimulator = Ad-Hoc|iPhoneSimulator
		Ad-Hoc|x64 = Ad-Hoc|x64
		Ad-Hoc|x86 = Ad-Hoc|x86
		AppStore|Any CPU = AppStore|Any CPU
		AppStore|ARM = AppStore|ARM
		AppStore|iPhone = AppStore|iPhone
		AppStore|iPhoneSimulator = AppStore|iPhoneSimulator
		AppStore|x64 = AppStore|x64
		AppStore|x86 = AppStore|x86
		Debug|Any CPU = Debug|Any CPU
		Debug|ARM = Debug|ARM
		Debug|iPhone = Debug|iPhone
		Debug|iPhoneSimulator = Debug|iPhoneSimulator
		Debug|x64 = Debug|x64
		Debug|x86 = Debug|x86
		Release|Any CPU = Release|Any CPU
		Release|ARM = Release|ARM
		Release|iPhone = Release|iPhone
		Release|iPhoneSimulator = Release|iPhoneSimulator
		Release|x64 = Release|x64
		Release|x86 = Release|x86
	EndGlobalSection
	GlobalSection(ProjectConfigurationPlatforms) = postSolution
		{0E19F0EA-D2FE-4B35-A35D-5B805BB13044}.Ad-Hoc|Any CPU.ActiveCfg = Release|Any CPU
		{0E19F0EA-D2FE-4B35-A35D-5B805BB13044}.Ad-Hoc|Any CPU.Build.0 = Release|Any CPU
		{0E19F0EA-D2FE-4B35-A35D-5B805BB13044}.Ad-Hoc|Any CPU.Deploy.0 = Release|Any CPU
		{0E19F0EA-D2FE-4B35-A35D-5B805BB13044}.Ad-Hoc|ARM.ActiveCfg = Release|Any CPU
		{0E19F0EA-D2FE-4B35-A35D-5B805BB13044}.Ad-Hoc|ARM.Build.0 = Release|Any CPU
		{0E19F0EA-D2FE-4B35-A35D-5B805BB13044}.Ad-Hoc|ARM.Deploy.0 = Release|Any CPU
		{0E19F0EA-D2FE-4B35-A35D-5B805BB13044}.Ad-Hoc|iPhone.ActiveCfg = Release|Any CPU
		{0E19F0EA-D2FE-4B35-A35D-5B805BB13044}.Ad-Hoc|iPhone.Build.0 = Release|Any CPU
		{0E19F0EA-D2FE-4B35-A35D-5B805BB13044}.Ad-Hoc|iPhone.Deploy.0 = Release|Any CPU
		{0E19F0EA-D2FE-4B35-A35D-5B805BB13044}.Ad-Hoc|iPhoneSimulator.ActiveCfg = Release|Any CPU
		{0E19F0EA-D2FE-4B35-A35D-5B805BB13044}.Ad-Hoc|iPhoneSimulator.Build.0 = Release|Any CPU
		{0E19F0EA-D2FE-4B35-A35D-5B805BB13044}.Ad-Hoc|iPhoneSimulator.Deploy.0 = Release|Any CPU
		{0E19F0EA-D2FE-4B35-A35D-5B805BB13044}.Ad-Hoc|x64.ActiveCfg = Release|Any CPU
		{0E19F0EA-D2FE-4B35-A35D-5B805BB13044}.Ad-Hoc|x64.Build.0 = Release|Any CPU
		{0E19F0EA-D2FE-4B35-A35D-5B805BB13044}.Ad-Hoc|x64.Deploy.0 = Release|Any CPU
		{0E19F0EA-D2FE-4B35-A35D-5B805BB13044}.Ad-Hoc|x86.ActiveCfg = Release|Any CPU
		{0E19F0EA-D2FE-4B35-A35D-5B805BB13044}.Ad-Hoc|x86.Build.0 = Release|Any CPU
		{0E19F0EA-D2FE-4B35-A35D-5B805BB13044}.Ad-Hoc|x86.Deploy.0 = Release|Any CPU
		{0E19F0EA-D2FE-4B35-A35D-5B805BB13044}.AppStore|Any CPU.ActiveCfg = Release|Any CPU
		{0E19F0EA-D2FE-4B35-A35D-5B805BB13044}.AppStore|Any CPU.Build.0 = Release|Any CPU
		{0E19F0EA-D2FE-4B35-A35D-5B805BB13044}.AppStore|Any CPU.Deploy.0 = Release|Any CPU
		{0E19F0EA-D2FE-4B35-A35D-5B805BB13044}.AppStore|ARM.ActiveCfg = Release|Any CPU
		{0E19F0EA-D2FE-4B35-A35D-5B805BB13044}.AppStore|ARM.Build.0 = Release|Any CPU
		{0E19F0EA-D2FE-4B35-A35D-5B805BB13044}.AppStore|ARM.Deploy.0 = Release|Any CPU
		{0E19F0EA-D2FE-4B35-A35D-5B805BB13044}.AppStore|iPhone.ActiveCfg = Release|Any CPU
		{0E19F0EA-D2FE-4B35-A35D-5B805BB13044}.AppStore|iPhone.Build.0 = Release|Any CPU
		{0E19F0EA-D2FE-4B35-A35D-5B805BB13044}.AppStore|iPhone.Deploy.0 = Release|Any CPU
		{0E19F0EA-D2FE-4B35-A35D-5B805BB13044}.AppStore|iPhoneSimulator.ActiveCfg = Release|Any CPU
		{0E19F0EA-D2FE-4B35-A35D-5B805BB13044}.AppStore|iPhoneSimulator.Build.0 = Release|Any CPU
		{0E19F0EA-D2FE-4B35-A35D-5B805BB13044}.AppStore|iPhoneSimulator.Deploy.0 = Release|Any CPU
		{0E19F0EA-D2FE-4B35-A35D-5B805BB13044}.AppStore|x64.ActiveCfg = Release|Any CPU
		{0E19F0EA-D2FE-4B35-A35D-5B805BB13044}.AppStore|x64.Build.0 = Release|Any CPU
		{0E19F0EA-D2FE-4B35-A35D-5B805BB13044}.AppStore|x64.Deploy.0 = Release|Any CPU
		{0E19F0EA-D2FE-4B35-A35D-5B805BB13044}.AppStore|x86.ActiveCfg = Release|Any CPU
		{0E19F0EA-D2FE-4B35-A35D-5B805BB13044}.AppStore|x86.Build.0 = Release|Any CPU
		{0E19F0EA-D2FE-4B35-A35D-5B805BB13044}.AppStore|x86.Deploy.0 = Release|Any CPU
		{0E19F0EA-D2FE-4B35-A35D-5B805BB13044}.Debug|Any CPU.ActiveCfg = Debug|Any CPU
		{0E19F0EA-D2FE-4B35-A35D-5B805BB13044}.Debug|Any CPU.Build.0 = Debug|Any CPU
		{0E19F0EA-D2FE-4B35-A35D-5B805BB13044}.Debug|Any CPU.Deploy.0 = Debug|Any CPU
		{0E19F0EA-D2FE-4B35-A35D-5B805BB13044}.Debug|ARM.ActiveCfg = Debug|Any CPU
		{0E19F0EA-D2FE-4B35-A35D-5B805BB13044}.Debug|ARM.Build.0 = Debug|Any CPU
		{0E19F0EA-D2FE-4B35-A35D-5B805BB13044}.Debug|ARM.Deploy.0 = Debug|Any CPU
		{0E19F0EA-D2FE-4B35-A35D-5B805BB13044}.Debug|iPhone.ActiveCfg = Debug|Any CPU
		{0E19F0EA-D2FE-4B35-A35D-5B805BB13044}.Debug|iPhone.Build.0 = Debug|Any CPU
		{0E19F0EA-D2FE-4B35-A35D-5B805BB13044}.Debug|iPhone.Deploy.0 = Debug|Any CPU
		{0E19F0EA-D2FE-4B35-A35D-5B805BB13044}.Debug|iPhoneSimulator.ActiveCfg = Debug|Any CPU
		{0E19F0EA-D2FE-4B35-A35D-5B805BB13044}.Debug|iPhoneSimulator.Build.0 = Debug|Any CPU
		{0E19F0EA-D2FE-4B35-A35D-5B805BB13044}.Debug|iPhoneSimulator.Deploy.0 = Debug|Any CPU
		{0E19F0EA-D2FE-4B35-A35D-5B805BB13044}.Debug|x64.ActiveCfg = Debug|Any CPU
		{0E19F0EA-D2FE-4B35-A35D-5B805BB13044}.Debug|x64.Build.0 = Debug|Any CPU
		{0E19F0EA-D2FE-4B35-A35D-5B805BB13044}.Debug|x64.Deploy.0 = Debug|Any CPU
		{0E19F0EA-D2FE-4B35-A35D-5B805BB13044}.Debug|x86.ActiveCfg = Debug|Any CPU
		{0E19F0EA-D2FE-4B35-A35D-5B805BB13044}.Debug|x86.Build.0 = Debug|Any CPU
		{0E19F0EA-D2FE-4B35-A35D-5B805BB13044}.Debug|x86.Deploy.0 = Debug|Any CPU
		{0E19F0EA-D2FE-4B35-A35D-5B805BB13044}.Release|Any CPU.ActiveCfg = Release|Any CPU
		{0E19F0EA-D2FE-4B35-A35D-5B805BB13044}.Release|Any CPU.Build.0 = Release|Any CPU
		{0E19F0EA-D2FE-4B35-A35D-5B805BB13044}.Release|Any CPU.Deploy.0 = Release|Any CPU
		{0E19F0EA-D2FE-4B35-A35D-5B805BB13044}.Release|ARM.ActiveCfg = Release|Any CPU
		{0E19F0EA-D2FE-4B35-A35D-5B805BB13044}.Release|ARM.Build.0 = Release|Any CPU
		{0E19F0EA-D2FE-4B35-A35D-5B805BB13044}.Release|ARM.Deploy.0 = Release|Any CPU
		{0E19F0EA-D2FE-4B35-A35D-5B805BB13044}.Release|iPhone.ActiveCfg = Release|Any CPU
		{0E19F0EA-D2FE-4B35-A35D-5B805BB13044}.Release|iPhone.Build.0 = Release|Any CPU
		{0E19F0EA-D2FE-4B35-A35D-5B805BB13044}.Release|iPhone.Deploy.0 = Release|Any CPU
		{0E19F0EA-D2FE-4B35-A35D-5B805BB13044}.Release|iPhoneSimulator.ActiveCfg = Release|Any CPU
		{0E19F0EA-D2FE-4B35-A35D-5B805BB13044}.Release|iPhoneSimulator.Build.0 = Release|Any CPU
		{0E19F0EA-D2FE-4B35-A35D-5B805BB13044}.Release|iPhoneSimulator.Deploy.0 = Release|Any CPU
		{0E19F0EA-D2FE-4B35-A35D-5B805BB13044}.Release|x64.ActiveCfg = Release|Any CPU
		{0E19F0EA-D2FE-4B35-A35D-5B805BB13044}.Release|x64.Build.0 = Release|Any CPU
		{0E19F0EA-D2FE-4B35-A35D-5B805BB13044}.Release|x64.Deploy.0 = Release|Any CPU
		{0E19F0EA-D2FE-4B35-A35D-5B805BB13044}.Release|x86.ActiveCfg = Release|Any CPU
		{0E19F0EA-D2FE-4B35-A35D-5B805BB13044}.Release|x86.Build.0 = Release|Any CPU
		{0E19F0EA-D2FE-4B35-A35D-5B805BB13044}.Release|x86.Deploy.0 = Release|Any CPU
		{C78BF8B2-64F6-4D75-98D3-237D05C2621A}.Ad-Hoc|Any CPU.ActiveCfg = Ad-Hoc|iPhone
		{C78BF8B2-64F6-4D75-98D3-237D05C2621A}.Ad-Hoc|ARM.ActiveCfg = Ad-Hoc|iPhone
		{C78BF8B2-64F6-4D75-98D3-237D05C2621A}.Ad-Hoc|iPhone.ActiveCfg = Ad-Hoc|iPhone
		{C78BF8B2-64F6-4D75-98D3-237D05C2621A}.Ad-Hoc|iPhone.Build.0 = Ad-Hoc|iPhone
		{C78BF8B2-64F6-4D75-98D3-237D05C2621A}.Ad-Hoc|iPhoneSimulator.ActiveCfg = Ad-Hoc|iPhoneSimulator
		{C78BF8B2-64F6-4D75-98D3-237D05C2621A}.Ad-Hoc|iPhoneSimulator.Build.0 = Ad-Hoc|iPhoneSimulator
		{C78BF8B2-64F6-4D75-98D3-237D05C2621A}.Ad-Hoc|x64.ActiveCfg = Ad-Hoc|iPhone
		{C78BF8B2-64F6-4D75-98D3-237D05C2621A}.Ad-Hoc|x86.ActiveCfg = Ad-Hoc|iPhone
		{C78BF8B2-64F6-4D75-98D3-237D05C2621A}.AppStore|Any CPU.ActiveCfg = AppStore|iPhone
		{C78BF8B2-64F6-4D75-98D3-237D05C2621A}.AppStore|ARM.ActiveCfg = AppStore|iPhone
		{C78BF8B2-64F6-4D75-98D3-237D05C2621A}.AppStore|iPhone.ActiveCfg = AppStore|iPhone
		{C78BF8B2-64F6-4D75-98D3-237D05C2621A}.AppStore|iPhone.Build.0 = AppStore|iPhone
		{C78BF8B2-64F6-4D75-98D3-237D05C2621A}.AppStore|iPhoneSimulator.ActiveCfg = AppStore|iPhoneSimulator
		{C78BF8B2-64F6-4D75-98D3-237D05C2621A}.AppStore|iPhoneSimulator.Build.0 = AppStore|iPhoneSimulator
		{C78BF8B2-64F6-4D75-98D3-237D05C2621A}.AppStore|x64.ActiveCfg = AppStore|iPhone
		{C78BF8B2-64F6-4D75-98D3-237D05C2621A}.AppStore|x86.ActiveCfg = AppStore|iPhone
		{C78BF8B2-64F6-4D75-98D3-237D05C2621A}.Debug|Any CPU.ActiveCfg = Debug|iPhone
		{C78BF8B2-64F6-4D75-98D3-237D05C2621A}.Debug|ARM.ActiveCfg = Debug|iPhone
		{C78BF8B2-64F6-4D75-98D3-237D05C2621A}.Debug|iPhone.ActiveCfg = Debug|iPhone
		{C78BF8B2-64F6-4D75-98D3-237D05C2621A}.Debug|iPhone.Build.0 = Debug|iPhone
		{C78BF8B2-64F6-4D75-98D3-237D05C2621A}.Debug|iPhoneSimulator.ActiveCfg = Debug|iPhoneSimulator
		{C78BF8B2-64F6-4D75-98D3-237D05C2621A}.Debug|iPhoneSimulator.Build.0 = Debug|iPhoneSimulator
		{C78BF8B2-64F6-4D75-98D3-237D05C2621A}.Debug|x64.ActiveCfg = Debug|iPhone
		{C78BF8B2-64F6-4D75-98D3-237D05C2621A}.Debug|x86.ActiveCfg = Debug|iPhone
		{C78BF8B2-64F6-4D75-98D3-237D05C2621A}.Release|Any CPU.ActiveCfg = Release|iPhone
		{C78BF8B2-64F6-4D75-98D3-237D05C2621A}.Release|ARM.ActiveCfg = Release|iPhone
		{C78BF8B2-64F6-4D75-98D3-237D05C2621A}.Release|iPhone.ActiveCfg = Release|iPhone
		{C78BF8B2-64F6-4D75-98D3-237D05C2621A}.Release|iPhone.Build.0 = Release|iPhone
		{C78BF8B2-64F6-4D75-98D3-237D05C2621A}.Release|iPhoneSimulator.ActiveCfg = Release|iPhoneSimulator
		{C78BF8B2-64F6-4D75-98D3-237D05C2621A}.Release|iPhoneSimulator.Build.0 = Release|iPhoneSimulator
		{C78BF8B2-64F6-4D75-98D3-237D05C2621A}.Release|x64.ActiveCfg = Release|iPhone
		{C78BF8B2-64F6-4D75-98D3-237D05C2621A}.Release|x86.ActiveCfg = Release|iPhone
		{A5FA28B8-EC71-4FC8-9812-0663BF7B0896}.Ad-Hoc|Any CPU.ActiveCfg = Release|Any CPU
		{A5FA28B8-EC71-4FC8-9812-0663BF7B0896}.Ad-Hoc|Any CPU.Build.0 = Release|Any CPU
		{A5FA28B8-EC71-4FC8-9812-0663BF7B0896}.Ad-Hoc|Any CPU.Deploy.0 = Release|Any CPU
		{A5FA28B8-EC71-4FC8-9812-0663BF7B0896}.Ad-Hoc|ARM.ActiveCfg = Release|ARM
		{A5FA28B8-EC71-4FC8-9812-0663BF7B0896}.Ad-Hoc|ARM.Build.0 = Release|ARM
		{A5FA28B8-EC71-4FC8-9812-0663BF7B0896}.Ad-Hoc|ARM.Deploy.0 = Release|ARM
		{A5FA28B8-EC71-4FC8-9812-0663BF7B0896}.Ad-Hoc|iPhone.ActiveCfg = Release|Any CPU
		{A5FA28B8-EC71-4FC8-9812-0663BF7B0896}.Ad-Hoc|iPhone.Build.0 = Release|Any CPU
		{A5FA28B8-EC71-4FC8-9812-0663BF7B0896}.Ad-Hoc|iPhone.Deploy.0 = Release|Any CPU
		{A5FA28B8-EC71-4FC8-9812-0663BF7B0896}.Ad-Hoc|iPhoneSimulator.ActiveCfg = Release|Any CPU
		{A5FA28B8-EC71-4FC8-9812-0663BF7B0896}.Ad-Hoc|iPhoneSimulator.Build.0 = Release|Any CPU
		{A5FA28B8-EC71-4FC8-9812-0663BF7B0896}.Ad-Hoc|iPhoneSimulator.Deploy.0 = Release|Any CPU
		{A5FA28B8-EC71-4FC8-9812-0663BF7B0896}.Ad-Hoc|x64.ActiveCfg = Release|Any CPU
		{A5FA28B8-EC71-4FC8-9812-0663BF7B0896}.Ad-Hoc|x64.Build.0 = Release|Any CPU
		{A5FA28B8-EC71-4FC8-9812-0663BF7B0896}.Ad-Hoc|x64.Deploy.0 = Release|Any CPU
		{A5FA28B8-EC71-4FC8-9812-0663BF7B0896}.Ad-Hoc|x86.ActiveCfg = Release|x86
		{A5FA28B8-EC71-4FC8-9812-0663BF7B0896}.Ad-Hoc|x86.Build.0 = Release|x86
		{A5FA28B8-EC71-4FC8-9812-0663BF7B0896}.Ad-Hoc|x86.Deploy.0 = Release|x86
		{A5FA28B8-EC71-4FC8-9812-0663BF7B0896}.AppStore|Any CPU.ActiveCfg = Release|Any CPU
		{A5FA28B8-EC71-4FC8-9812-0663BF7B0896}.AppStore|Any CPU.Build.0 = Release|Any CPU
		{A5FA28B8-EC71-4FC8-9812-0663BF7B0896}.AppStore|Any CPU.Deploy.0 = Release|Any CPU
		{A5FA28B8-EC71-4FC8-9812-0663BF7B0896}.AppStore|ARM.ActiveCfg = Release|ARM
		{A5FA28B8-EC71-4FC8-9812-0663BF7B0896}.AppStore|ARM.Build.0 = Release|ARM
		{A5FA28B8-EC71-4FC8-9812-0663BF7B0896}.AppStore|ARM.Deploy.0 = Release|ARM
		{A5FA28B8-EC71-4FC8-9812-0663BF7B0896}.AppStore|iPhone.ActiveCfg = Release|Any CPU
		{A5FA28B8-EC71-4FC8-9812-0663BF7B0896}.AppStore|iPhone.Build.0 = Release|Any CPU
		{A5FA28B8-EC71-4FC8-9812-0663BF7B0896}.AppStore|iPhone.Deploy.0 = Release|Any CPU
		{A5FA28B8-EC71-4FC8-9812-0663BF7B0896}.AppStore|iPhoneSimulator.ActiveCfg = Release|Any CPU
		{A5FA28B8-EC71-4FC8-9812-0663BF7B0896}.AppStore|iPhoneSimulator.Build.0 = Release|Any CPU
		{A5FA28B8-EC71-4FC8-9812-0663BF7B0896}.AppStore|iPhoneSimulator.Deploy.0 = Release|Any CPU
		{A5FA28B8-EC71-4FC8-9812-0663BF7B0896}.AppStore|x64.ActiveCfg = Release|Any CPU
		{A5FA28B8-EC71-4FC8-9812-0663BF7B0896}.AppStore|x64.Build.0 = Release|Any CPU
		{A5FA28B8-EC71-4FC8-9812-0663BF7B0896}.AppStore|x64.Deploy.0 = Release|Any CPU
		{A5FA28B8-EC71-4FC8-9812-0663BF7B0896}.AppStore|x86.ActiveCfg = Release|x86
		{A5FA28B8-EC71-4FC8-9812-0663BF7B0896}.AppStore|x86.Build.0 = Release|x86
		{A5FA28B8-EC71-4FC8-9812-0663BF7B0896}.AppStore|x86.Deploy.0 = Release|x86
		{A5FA28B8-EC71-4FC8-9812-0663BF7B0896}.Debug|Any CPU.ActiveCfg = Debug|Any CPU
		{A5FA28B8-EC71-4FC8-9812-0663BF7B0896}.Debug|Any CPU.Build.0 = Debug|Any CPU
		{A5FA28B8-EC71-4FC8-9812-0663BF7B0896}.Debug|Any CPU.Deploy.0 = Debug|Any CPU
		{A5FA28B8-EC71-4FC8-9812-0663BF7B0896}.Debug|ARM.ActiveCfg = Debug|ARM
		{A5FA28B8-EC71-4FC8-9812-0663BF7B0896}.Debug|ARM.Build.0 = Debug|ARM
		{A5FA28B8-EC71-4FC8-9812-0663BF7B0896}.Debug|ARM.Deploy.0 = Debug|ARM
		{A5FA28B8-EC71-4FC8-9812-0663BF7B0896}.Debug|iPhone.ActiveCfg = Debug|Any CPU
		{A5FA28B8-EC71-4FC8-9812-0663BF7B0896}.Debug|iPhone.Build.0 = Debug|Any CPU
		{A5FA28B8-EC71-4FC8-9812-0663BF7B0896}.Debug|iPhone.Deploy.0 = Debug|Any CPU
		{A5FA28B8-EC71-4FC8-9812-0663BF7B0896}.Debug|iPhoneSimulator.ActiveCfg = Debug|Any CPU
		{A5FA28B8-EC71-4FC8-9812-0663BF7B0896}.Debug|iPhoneSimulator.Build.0 = Debug|Any CPU
		{A5FA28B8-EC71-4FC8-9812-0663BF7B0896}.Debug|iPhoneSimulator.Deploy.0 = Debug|Any CPU
		{A5FA28B8-EC71-4FC8-9812-0663BF7B0896}.Debug|x64.ActiveCfg = Debug|Any CPU
		{A5FA28B8-EC71-4FC8-9812-0663BF7B0896}.Debug|x64.Build.0 = Debug|Any CPU
		{A5FA28B8-EC71-4FC8-9812-0663BF7B0896}.Debug|x64.Deploy.0 = Debug|Any CPU
		{A5FA28B8-EC71-4FC8-9812-0663BF7B0896}.Debug|x86.ActiveCfg = Debug|x86
		{A5FA28B8-EC71-4FC8-9812-0663BF7B0896}.Debug|x86.Build.0 = Debug|x86
		{A5FA28B8-EC71-4FC8-9812-0663BF7B0896}.Debug|x86.Deploy.0 = Debug|x86
		{A5FA28B8-EC71-4FC8-9812-0663BF7B0896}.Release|Any CPU.ActiveCfg = Release|Any CPU
		{A5FA28B8-EC71-4FC8-9812-0663BF7B0896}.Release|Any CPU.Build.0 = Release|Any CPU
		{A5FA28B8-EC71-4FC8-9812-0663BF7B0896}.Release|Any CPU.Deploy.0 = Release|Any CPU
		{A5FA28B8-EC71-4FC8-9812-0663BF7B0896}.Release|ARM.ActiveCfg = Release|ARM
		{A5FA28B8-EC71-4FC8-9812-0663BF7B0896}.Release|ARM.Build.0 = Release|ARM
		{A5FA28B8-EC71-4FC8-9812-0663BF7B0896}.Release|ARM.Deploy.0 = Release|ARM
		{A5FA28B8-EC71-4FC8-9812-0663BF7B0896}.Release|iPhone.ActiveCfg = Release|Any CPU
		{A5FA28B8-EC71-4FC8-9812-0663BF7B0896}.Release|iPhone.Build.0 = Release|Any CPU
		{A5FA28B8-EC71-4FC8-9812-0663BF7B0896}.Release|iPhone.Deploy.0 = Release|Any CPU
		{A5FA28B8-EC71-4FC8-9812-0663BF7B0896}.Release|iPhoneSimulator.ActiveCfg = Release|Any CPU
		{A5FA28B8-EC71-4FC8-9812-0663BF7B0896}.Release|iPhoneSimulator.Build.0 = Release|Any CPU
		{A5FA28B8-EC71-4FC8-9812-0663BF7B0896}.Release|iPhoneSimulator.Deploy.0 = Release|Any CPU
		{A5FA28B8-EC71-4FC8-9812-0663BF7B0896}.Release|x64.ActiveCfg = Release|Any CPU
		{A5FA28B8-EC71-4FC8-9812-0663BF7B0896}.Release|x64.Build.0 = Release|Any CPU
		{A5FA28B8-EC71-4FC8-9812-0663BF7B0896}.Release|x64.Deploy.0 = Release|Any CPU
		{A5FA28B8-EC71-4FC8-9812-0663BF7B0896}.Release|x86.ActiveCfg = Release|x86
		{A5FA28B8-EC71-4FC8-9812-0663BF7B0896}.Release|x86.Build.0 = Release|x86
		{A5FA28B8-EC71-4FC8-9812-0663BF7B0896}.Release|x86.Deploy.0 = Release|x86
		{685C9894-2E6D-4F76-9BEF-1C448895E3E0}.Ad-Hoc|Any CPU.ActiveCfg = Release|x86
		{685C9894-2E6D-4F76-9BEF-1C448895E3E0}.Ad-Hoc|Any CPU.Build.0 = Release|x86
		{685C9894-2E6D-4F76-9BEF-1C448895E3E0}.Ad-Hoc|Any CPU.Deploy.0 = Release|x86
		{685C9894-2E6D-4F76-9BEF-1C448895E3E0}.Ad-Hoc|ARM.ActiveCfg = Release|ARM
		{685C9894-2E6D-4F76-9BEF-1C448895E3E0}.Ad-Hoc|ARM.Build.0 = Release|ARM
		{685C9894-2E6D-4F76-9BEF-1C448895E3E0}.Ad-Hoc|ARM.Deploy.0 = Release|ARM
		{685C9894-2E6D-4F76-9BEF-1C448895E3E0}.Ad-Hoc|iPhone.ActiveCfg = Release|x86
		{685C9894-2E6D-4F76-9BEF-1C448895E3E0}.Ad-Hoc|iPhone.Build.0 = Release|x86
		{685C9894-2E6D-4F76-9BEF-1C448895E3E0}.Ad-Hoc|iPhone.Deploy.0 = Release|x86
		{685C9894-2E6D-4F76-9BEF-1C448895E3E0}.Ad-Hoc|iPhoneSimulator.ActiveCfg = Release|x86
		{685C9894-2E6D-4F76-9BEF-1C448895E3E0}.Ad-Hoc|iPhoneSimulator.Build.0 = Release|x86
		{685C9894-2E6D-4F76-9BEF-1C448895E3E0}.Ad-Hoc|iPhoneSimulator.Deploy.0 = Release|x86
		{685C9894-2E6D-4F76-9BEF-1C448895E3E0}.Ad-Hoc|x64.ActiveCfg = Release|x64
		{685C9894-2E6D-4F76-9BEF-1C448895E3E0}.Ad-Hoc|x64.Build.0 = Release|x64
		{685C9894-2E6D-4F76-9BEF-1C448895E3E0}.Ad-Hoc|x64.Deploy.0 = Release|x64
		{685C9894-2E6D-4F76-9BEF-1C448895E3E0}.Ad-Hoc|x86.ActiveCfg = Release|x86
		{685C9894-2E6D-4F76-9BEF-1C448895E3E0}.Ad-Hoc|x86.Build.0 = Release|x86
		{685C9894-2E6D-4F76-9BEF-1C448895E3E0}.Ad-Hoc|x86.Deploy.0 = Release|x86
		{685C9894-2E6D-4F76-9BEF-1C448895E3E0}.AppStore|Any CPU.ActiveCfg = Release|x86
		{685C9894-2E6D-4F76-9BEF-1C448895E3E0}.AppStore|Any CPU.Build.0 = Release|x86
		{685C9894-2E6D-4F76-9BEF-1C448895E3E0}.AppStore|Any CPU.Deploy.0 = Release|x86
		{685C9894-2E6D-4F76-9BEF-1C448895E3E0}.AppStore|ARM.ActiveCfg = Release|ARM
		{685C9894-2E6D-4F76-9BEF-1C448895E3E0}.AppStore|ARM.Build.0 = Release|ARM
		{685C9894-2E6D-4F76-9BEF-1C448895E3E0}.AppStore|ARM.Deploy.0 = Release|ARM
		{685C9894-2E6D-4F76-9BEF-1C448895E3E0}.AppStore|iPhone.ActiveCfg = Release|x86
		{685C9894-2E6D-4F76-9BEF-1C448895E3E0}.AppStore|iPhone.Build.0 = Release|x86
		{685C9894-2E6D-4F76-9BEF-1C448895E3E0}.AppStore|iPhone.Deploy.0 = Release|x86
		{685C9894-2E6D-4F76-9BEF-1C448895E3E0}.AppStore|iPhoneSimulator.ActiveCfg = Release|x86
		{685C9894-2E6D-4F76-9BEF-1C448895E3E0}.AppStore|iPhoneSimulator.Build.0 = Release|x86
		{685C9894-2E6D-4F76-9BEF-1C448895E3E0}.AppStore|iPhoneSimulator.Deploy.0 = Release|x86
		{685C9894-2E6D-4F76-9BEF-1C448895E3E0}.AppStore|x64.ActiveCfg = Release|x64
		{685C9894-2E6D-4F76-9BEF-1C448895E3E0}.AppStore|x64.Build.0 = Release|x64
		{685C9894-2E6D-4F76-9BEF-1C448895E3E0}.AppStore|x64.Deploy.0 = Release|x64
		{685C9894-2E6D-4F76-9BEF-1C448895E3E0}.AppStore|x86.ActiveCfg = Release|x86
		{685C9894-2E6D-4F76-9BEF-1C448895E3E0}.AppStore|x86.Build.0 = Release|x86
		{685C9894-2E6D-4F76-9BEF-1C448895E3E0}.AppStore|x86.Deploy.0 = Release|x86
		{685C9894-2E6D-4F76-9BEF-1C448895E3E0}.Debug|Any CPU.ActiveCfg = Debug|x86
		{685C9894-2E6D-4F76-9BEF-1C448895E3E0}.Debug|ARM.ActiveCfg = Debug|ARM
		{685C9894-2E6D-4F76-9BEF-1C448895E3E0}.Debug|ARM.Build.0 = Debug|ARM
		{685C9894-2E6D-4F76-9BEF-1C448895E3E0}.Debug|ARM.Deploy.0 = Debug|ARM
		{685C9894-2E6D-4F76-9BEF-1C448895E3E0}.Debug|iPhone.ActiveCfg = Debug|x86
		{685C9894-2E6D-4F76-9BEF-1C448895E3E0}.Debug|iPhoneSimulator.ActiveCfg = Debug|x86
		{685C9894-2E6D-4F76-9BEF-1C448895E3E0}.Debug|x64.ActiveCfg = Debug|x64
		{685C9894-2E6D-4F76-9BEF-1C448895E3E0}.Debug|x64.Build.0 = Debug|x64
		{685C9894-2E6D-4F76-9BEF-1C448895E3E0}.Debug|x64.Deploy.0 = Debug|x64
		{685C9894-2E6D-4F76-9BEF-1C448895E3E0}.Debug|x86.ActiveCfg = Debug|x86
		{685C9894-2E6D-4F76-9BEF-1C448895E3E0}.Debug|x86.Build.0 = Debug|x86
		{685C9894-2E6D-4F76-9BEF-1C448895E3E0}.Debug|x86.Deploy.0 = Debug|x86
		{685C9894-2E6D-4F76-9BEF-1C448895E3E0}.Release|Any CPU.ActiveCfg = Release|x86
		{685C9894-2E6D-4F76-9BEF-1C448895E3E0}.Release|ARM.ActiveCfg = Release|ARM
		{685C9894-2E6D-4F76-9BEF-1C448895E3E0}.Release|ARM.Build.0 = Release|ARM
		{685C9894-2E6D-4F76-9BEF-1C448895E3E0}.Release|ARM.Deploy.0 = Release|ARM
		{685C9894-2E6D-4F76-9BEF-1C448895E3E0}.Release|iPhone.ActiveCfg = Release|x86
		{685C9894-2E6D-4F76-9BEF-1C448895E3E0}.Release|iPhoneSimulator.ActiveCfg = Release|x86
		{685C9894-2E6D-4F76-9BEF-1C448895E3E0}.Release|x64.ActiveCfg = Release|x64
		{685C9894-2E6D-4F76-9BEF-1C448895E3E0}.Release|x64.Build.0 = Release|x64
		{685C9894-2E6D-4F76-9BEF-1C448895E3E0}.Release|x64.Deploy.0 = Release|x64
		{685C9894-2E6D-4F76-9BEF-1C448895E3E0}.Release|x86.ActiveCfg = Release|x86
		{685C9894-2E6D-4F76-9BEF-1C448895E3E0}.Release|x86.Build.0 = Release|x86
		{685C9894-2E6D-4F76-9BEF-1C448895E3E0}.Release|x86.Deploy.0 = Release|x86
		{524B9514-1844-4FF1-85AA-79FA6CAFA154}.Ad-Hoc|Any CPU.ActiveCfg = Release|Any CPU
		{524B9514-1844-4FF1-85AA-79FA6CAFA154}.Ad-Hoc|Any CPU.Build.0 = Release|Any CPU
		{524B9514-1844-4FF1-85AA-79FA6CAFA154}.Ad-Hoc|Any CPU.Deploy.0 = Release|Any CPU
		{524B9514-1844-4FF1-85AA-79FA6CAFA154}.Ad-Hoc|ARM.ActiveCfg = Release|ARM
		{524B9514-1844-4FF1-85AA-79FA6CAFA154}.Ad-Hoc|ARM.Build.0 = Release|ARM
		{524B9514-1844-4FF1-85AA-79FA6CAFA154}.Ad-Hoc|ARM.Deploy.0 = Release|ARM
		{524B9514-1844-4FF1-85AA-79FA6CAFA154}.Ad-Hoc|iPhone.ActiveCfg = Release|Any CPU
		{524B9514-1844-4FF1-85AA-79FA6CAFA154}.Ad-Hoc|iPhone.Build.0 = Release|Any CPU
		{524B9514-1844-4FF1-85AA-79FA6CAFA154}.Ad-Hoc|iPhone.Deploy.0 = Release|Any CPU
		{524B9514-1844-4FF1-85AA-79FA6CAFA154}.Ad-Hoc|iPhoneSimulator.ActiveCfg = Release|Any CPU
		{524B9514-1844-4FF1-85AA-79FA6CAFA154}.Ad-Hoc|iPhoneSimulator.Build.0 = Release|Any CPU
		{524B9514-1844-4FF1-85AA-79FA6CAFA154}.Ad-Hoc|iPhoneSimulator.Deploy.0 = Release|Any CPU
		{524B9514-1844-4FF1-85AA-79FA6CAFA154}.Ad-Hoc|x64.ActiveCfg = Release|x64
		{524B9514-1844-4FF1-85AA-79FA6CAFA154}.Ad-Hoc|x64.Build.0 = Release|x64
		{524B9514-1844-4FF1-85AA-79FA6CAFA154}.Ad-Hoc|x64.Deploy.0 = Release|x64
		{524B9514-1844-4FF1-85AA-79FA6CAFA154}.Ad-Hoc|x86.ActiveCfg = Release|x86
		{524B9514-1844-4FF1-85AA-79FA6CAFA154}.Ad-Hoc|x86.Build.0 = Release|x86
		{524B9514-1844-4FF1-85AA-79FA6CAFA154}.Ad-Hoc|x86.Deploy.0 = Release|x86
		{524B9514-1844-4FF1-85AA-79FA6CAFA154}.AppStore|Any CPU.ActiveCfg = Release|Any CPU
		{524B9514-1844-4FF1-85AA-79FA6CAFA154}.AppStore|Any CPU.Build.0 = Release|Any CPU
		{524B9514-1844-4FF1-85AA-79FA6CAFA154}.AppStore|Any CPU.Deploy.0 = Release|Any CPU
		{524B9514-1844-4FF1-85AA-79FA6CAFA154}.AppStore|ARM.ActiveCfg = Release|ARM
		{524B9514-1844-4FF1-85AA-79FA6CAFA154}.AppStore|ARM.Build.0 = Release|ARM
		{524B9514-1844-4FF1-85AA-79FA6CAFA154}.AppStore|ARM.Deploy.0 = Release|ARM
		{524B9514-1844-4FF1-85AA-79FA6CAFA154}.AppStore|iPhone.ActiveCfg = Release|Any CPU
		{524B9514-1844-4FF1-85AA-79FA6CAFA154}.AppStore|iPhone.Build.0 = Release|Any CPU
		{524B9514-1844-4FF1-85AA-79FA6CAFA154}.AppStore|iPhone.Deploy.0 = Release|Any CPU
		{524B9514-1844-4FF1-85AA-79FA6CAFA154}.AppStore|iPhoneSimulator.ActiveCfg = Release|Any CPU
		{524B9514-1844-4FF1-85AA-79FA6CAFA154}.AppStore|iPhoneSimulator.Build.0 = Release|Any CPU
		{524B9514-1844-4FF1-85AA-79FA6CAFA154}.AppStore|iPhoneSimulator.Deploy.0 = Release|Any CPU
		{524B9514-1844-4FF1-85AA-79FA6CAFA154}.AppStore|x64.ActiveCfg = Release|x64
		{524B9514-1844-4FF1-85AA-79FA6CAFA154}.AppStore|x64.Build.0 = Release|x64
		{524B9514-1844-4FF1-85AA-79FA6CAFA154}.AppStore|x64.Deploy.0 = Release|x64
		{524B9514-1844-4FF1-85AA-79FA6CAFA154}.AppStore|x86.ActiveCfg = Release|x86
		{524B9514-1844-4FF1-85AA-79FA6CAFA154}.AppStore|x86.Build.0 = Release|x86
		{524B9514-1844-4FF1-85AA-79FA6CAFA154}.AppStore|x86.Deploy.0 = Release|x86
		{524B9514-1844-4FF1-85AA-79FA6CAFA154}.Debug|Any CPU.ActiveCfg = Debug|Any CPU
		{524B9514-1844-4FF1-85AA-79FA6CAFA154}.Debug|Any CPU.Build.0 = Debug|Any CPU
		{524B9514-1844-4FF1-85AA-79FA6CAFA154}.Debug|Any CPU.Deploy.0 = Debug|Any CPU
		{524B9514-1844-4FF1-85AA-79FA6CAFA154}.Debug|ARM.ActiveCfg = Debug|ARM
		{524B9514-1844-4FF1-85AA-79FA6CAFA154}.Debug|ARM.Build.0 = Debug|ARM
		{524B9514-1844-4FF1-85AA-79FA6CAFA154}.Debug|ARM.Deploy.0 = Debug|ARM
		{524B9514-1844-4FF1-85AA-79FA6CAFA154}.Debug|iPhone.ActiveCfg = Debug|Any CPU
		{524B9514-1844-4FF1-85AA-79FA6CAFA154}.Debug|iPhone.Build.0 = Debug|Any CPU
		{524B9514-1844-4FF1-85AA-79FA6CAFA154}.Debug|iPhone.Deploy.0 = Debug|Any CPU
		{524B9514-1844-4FF1-85AA-79FA6CAFA154}.Debug|iPhoneSimulator.ActiveCfg = Debug|Any CPU
		{524B9514-1844-4FF1-85AA-79FA6CAFA154}.Debug|iPhoneSimulator.Build.0 = Debug|Any CPU
		{524B9514-1844-4FF1-85AA-79FA6CAFA154}.Debug|iPhoneSimulator.Deploy.0 = Debug|Any CPU
		{524B9514-1844-4FF1-85AA-79FA6CAFA154}.Debug|x64.ActiveCfg = Debug|x64
		{524B9514-1844-4FF1-85AA-79FA6CAFA154}.Debug|x64.Build.0 = Debug|x64
		{524B9514-1844-4FF1-85AA-79FA6CAFA154}.Debug|x64.Deploy.0 = Debug|x64
		{524B9514-1844-4FF1-85AA-79FA6CAFA154}.Debug|x86.ActiveCfg = Debug|x86
		{524B9514-1844-4FF1-85AA-79FA6CAFA154}.Debug|x86.Build.0 = Debug|x86
		{524B9514-1844-4FF1-85AA-79FA6CAFA154}.Debug|x86.Deploy.0 = Debug|x86
		{524B9514-1844-4FF1-85AA-79FA6CAFA154}.Release|Any CPU.ActiveCfg = Release|Any CPU
		{524B9514-1844-4FF1-85AA-79FA6CAFA154}.Release|Any CPU.Build.0 = Release|Any CPU
		{524B9514-1844-4FF1-85AA-79FA6CAFA154}.Release|Any CPU.Deploy.0 = Release|Any CPU
		{524B9514-1844-4FF1-85AA-79FA6CAFA154}.Release|ARM.ActiveCfg = Release|ARM
		{524B9514-1844-4FF1-85AA-79FA6CAFA154}.Release|ARM.Build.0 = Release|ARM
		{524B9514-1844-4FF1-85AA-79FA6CAFA154}.Release|ARM.Deploy.0 = Release|ARM
		{524B9514-1844-4FF1-85AA-79FA6CAFA154}.Release|iPhone.ActiveCfg = Release|Any CPU
		{524B9514-1844-4FF1-85AA-79FA6CAFA154}.Release|iPhone.Build.0 = Release|Any CPU
		{524B9514-1844-4FF1-85AA-79FA6CAFA154}.Release|iPhone.Deploy.0 = Release|Any CPU
		{524B9514-1844-4FF1-85AA-79FA6CAFA154}.Release|iPhoneSimulator.ActiveCfg = Release|Any CPU
		{524B9514-1844-4FF1-85AA-79FA6CAFA154}.Release|iPhoneSimulator.Build.0 = Release|Any CPU
		{524B9514-1844-4FF1-85AA-79FA6CAFA154}.Release|iPhoneSimulator.Deploy.0 = Release|Any CPU
		{524B9514-1844-4FF1-85AA-79FA6CAFA154}.Release|x64.ActiveCfg = Release|x64
		{524B9514-1844-4FF1-85AA-79FA6CAFA154}.Release|x64.Build.0 = Release|x64
		{524B9514-1844-4FF1-85AA-79FA6CAFA154}.Release|x64.Deploy.0 = Release|x64
		{524B9514-1844-4FF1-85AA-79FA6CAFA154}.Release|x86.ActiveCfg = Release|x86
		{524B9514-1844-4FF1-85AA-79FA6CAFA154}.Release|x86.Build.0 = Release|x86
		{524B9514-1844-4FF1-85AA-79FA6CAFA154}.Release|x86.Deploy.0 = Release|x86
		{6A1BB33A-D543-4B3F-86BB-59F17F6CC2BD}.Ad-Hoc|Any CPU.ActiveCfg = Release|Any CPU
		{6A1BB33A-D543-4B3F-86BB-59F17F6CC2BD}.Ad-Hoc|Any CPU.Build.0 = Release|Any CPU
		{6A1BB33A-D543-4B3F-86BB-59F17F6CC2BD}.Ad-Hoc|ARM.ActiveCfg = Release|Any CPU
		{6A1BB33A-D543-4B3F-86BB-59F17F6CC2BD}.Ad-Hoc|ARM.Build.0 = Release|Any CPU
		{6A1BB33A-D543-4B3F-86BB-59F17F6CC2BD}.Ad-Hoc|iPhone.ActiveCfg = Release|Any CPU
		{6A1BB33A-D543-4B3F-86BB-59F17F6CC2BD}.Ad-Hoc|iPhone.Build.0 = Release|Any CPU
		{6A1BB33A-D543-4B3F-86BB-59F17F6CC2BD}.Ad-Hoc|iPhoneSimulator.ActiveCfg = Release|Any CPU
		{6A1BB33A-D543-4B3F-86BB-59F17F6CC2BD}.Ad-Hoc|iPhoneSimulator.Build.0 = Release|Any CPU
		{6A1BB33A-D543-4B3F-86BB-59F17F6CC2BD}.Ad-Hoc|x64.ActiveCfg = Release|Any CPU
		{6A1BB33A-D543-4B3F-86BB-59F17F6CC2BD}.Ad-Hoc|x64.Build.0 = Release|Any CPU
		{6A1BB33A-D543-4B3F-86BB-59F17F6CC2BD}.Ad-Hoc|x86.ActiveCfg = Release|Any CPU
		{6A1BB33A-D543-4B3F-86BB-59F17F6CC2BD}.Ad-Hoc|x86.Build.0 = Release|Any CPU
		{6A1BB33A-D543-4B3F-86BB-59F17F6CC2BD}.AppStore|Any CPU.ActiveCfg = Release|Any CPU
		{6A1BB33A-D543-4B3F-86BB-59F17F6CC2BD}.AppStore|Any CPU.Build.0 = Release|Any CPU
		{6A1BB33A-D543-4B3F-86BB-59F17F6CC2BD}.AppStore|ARM.ActiveCfg = Release|Any CPU
		{6A1BB33A-D543-4B3F-86BB-59F17F6CC2BD}.AppStore|ARM.Build.0 = Release|Any CPU
		{6A1BB33A-D543-4B3F-86BB-59F17F6CC2BD}.AppStore|iPhone.ActiveCfg = Release|Any CPU
		{6A1BB33A-D543-4B3F-86BB-59F17F6CC2BD}.AppStore|iPhone.Build.0 = Release|Any CPU
		{6A1BB33A-D543-4B3F-86BB-59F17F6CC2BD}.AppStore|iPhoneSimulator.ActiveCfg = Release|Any CPU
		{6A1BB33A-D543-4B3F-86BB-59F17F6CC2BD}.AppStore|iPhoneSimulator.Build.0 = Release|Any CPU
		{6A1BB33A-D543-4B3F-86BB-59F17F6CC2BD}.AppStore|x64.ActiveCfg = Release|Any CPU
		{6A1BB33A-D543-4B3F-86BB-59F17F6CC2BD}.AppStore|x64.Build.0 = Release|Any CPU
		{6A1BB33A-D543-4B3F-86BB-59F17F6CC2BD}.AppStore|x86.ActiveCfg = Release|Any CPU
		{6A1BB33A-D543-4B3F-86BB-59F17F6CC2BD}.AppStore|x86.Build.0 = Release|Any CPU
		{6A1BB33A-D543-4B3F-86BB-59F17F6CC2BD}.Debug|Any CPU.ActiveCfg = Debug|Any CPU
		{6A1BB33A-D543-4B3F-86BB-59F17F6CC2BD}.Debug|Any CPU.Build.0 = Debug|Any CPU
		{6A1BB33A-D543-4B3F-86BB-59F17F6CC2BD}.Debug|ARM.ActiveCfg = Debug|Any CPU
		{6A1BB33A-D543-4B3F-86BB-59F17F6CC2BD}.Debug|ARM.Build.0 = Debug|Any CPU
		{6A1BB33A-D543-4B3F-86BB-59F17F6CC2BD}.Debug|iPhone.ActiveCfg = Debug|Any CPU
		{6A1BB33A-D543-4B3F-86BB-59F17F6CC2BD}.Debug|iPhone.Build.0 = Debug|Any CPU
		{6A1BB33A-D543-4B3F-86BB-59F17F6CC2BD}.Debug|iPhoneSimulator.ActiveCfg = Debug|Any CPU
		{6A1BB33A-D543-4B3F-86BB-59F17F6CC2BD}.Debug|iPhoneSimulator.Build.0 = Debug|Any CPU
		{6A1BB33A-D543-4B3F-86BB-59F17F6CC2BD}.Debug|x64.ActiveCfg = Debug|Any CPU
		{6A1BB33A-D543-4B3F-86BB-59F17F6CC2BD}.Debug|x64.Build.0 = Debug|Any CPU
		{6A1BB33A-D543-4B3F-86BB-59F17F6CC2BD}.Debug|x86.ActiveCfg = Debug|Any CPU
		{6A1BB33A-D543-4B3F-86BB-59F17F6CC2BD}.Debug|x86.Build.0 = Debug|Any CPU
		{6A1BB33A-D543-4B3F-86BB-59F17F6CC2BD}.Release|Any CPU.ActiveCfg = Release|Any CPU
		{6A1BB33A-D543-4B3F-86BB-59F17F6CC2BD}.Release|Any CPU.Build.0 = Release|Any CPU
		{6A1BB33A-D543-4B3F-86BB-59F17F6CC2BD}.Release|ARM.ActiveCfg = Release|Any CPU
		{6A1BB33A-D543-4B3F-86BB-59F17F6CC2BD}.Release|ARM.Build.0 = Release|Any CPU
		{6A1BB33A-D543-4B3F-86BB-59F17F6CC2BD}.Release|iPhone.ActiveCfg = Release|Any CPU
		{6A1BB33A-D543-4B3F-86BB-59F17F6CC2BD}.Release|iPhone.Build.0 = Release|Any CPU
		{6A1BB33A-D543-4B3F-86BB-59F17F6CC2BD}.Release|iPhoneSimulator.ActiveCfg = Release|Any CPU
		{6A1BB33A-D543-4B3F-86BB-59F17F6CC2BD}.Release|iPhoneSimulator.Build.0 = Release|Any CPU
		{6A1BB33A-D543-4B3F-86BB-59F17F6CC2BD}.Release|x64.ActiveCfg = Release|Any CPU
		{6A1BB33A-D543-4B3F-86BB-59F17F6CC2BD}.Release|x64.Build.0 = Release|Any CPU
		{6A1BB33A-D543-4B3F-86BB-59F17F6CC2BD}.Release|x86.ActiveCfg = Release|Any CPU
		{6A1BB33A-D543-4B3F-86BB-59F17F6CC2BD}.Release|x86.Build.0 = Release|Any CPU
	EndGlobalSection
	GlobalSection(SolutionProperties) = preSolution
		HideSolutionNode = FALSE
	EndGlobalSection
EndGlobal
